// !$*UTF8*$!
{
	archiveVersion = 1;
	classes = {
	};
	objectVersion = 46;
	objects = {

/* Begin PBXBuildFile section */
		8210AE681CBD6E19009B1C1A /* 4_level_selector.png in Resources */ = {isa = PBXBuildFile; fileRef = 8210AE481CBD6E19009B1C1A /* 4_level_selector.png */; };
		8210AE691CBD6E19009B1C1A /* back_button.png in Resources */ = {isa = PBXBuildFile; fileRef = 8210AE491CBD6E19009B1C1A /* back_button.png */; };
		8210AE6A1CBD6E19009B1C1A /* background.png in Resources */ = {isa = PBXBuildFile; fileRef = 8210AE4A1CBD6E19009B1C1A /* background.png */; };
		8210AE6B1CBD6E19009B1C1A /* bg.png in Resources */ = {isa = PBXBuildFile; fileRef = 8210AE4B1CBD6E19009B1C1A /* bg.png */; };
		8210AE6C1CBD6E19009B1C1A /* btn_iap.png in Resources */ = {isa = PBXBuildFile; fileRef = 8210AE4C1CBD6E19009B1C1A /* btn_iap.png */; };
		8210AE6D1CBD6E19009B1C1A /* btn_like.png in Resources */ = {isa = PBXBuildFile; fileRef = 8210AE4D1CBD6E19009B1C1A /* btn_like.png */; };
		8210AE6E1CBD6E19009B1C1A /* btn_share_facebook.png in Resources */ = {isa = PBXBuildFile; fileRef = 8210AE4E1CBD6E19009B1C1A /* btn_share_facebook.png */; };
		8210AE6F1CBD6E19009B1C1A /* btn-db-restore.png in Resources */ = {isa = PBXBuildFile; fileRef = 8210AE4F1CBD6E19009B1C1A /* btn-db-restore.png */; };
		8210AE701CBD6E19009B1C1A /* btn-sound-off.png in Resources */ = {isa = PBXBuildFile; fileRef = 8210AE501CBD6E19009B1C1A /* btn-sound-off.png */; };
		8210AE711CBD6E19009B1C1A /* btn-sound-on.png in Resources */ = {isa = PBXBuildFile; fileRef = 8210AE511CBD6E19009B1C1A /* btn-sound-on.png */; };
		8210AE721CBD6E19009B1C1A /* character_1.png in Resources */ = {isa = PBXBuildFile; fileRef = 8210AE521CBD6E19009B1C1A /* character_1.png */; };
		8210AE731CBD6E19009B1C1A /* character_2.png in Resources */ = {isa = PBXBuildFile; fileRef = 8210AE531CBD6E19009B1C1A /* character_2.png */; };
		8210AE741CBD6E19009B1C1A /* character_3.png in Resources */ = {isa = PBXBuildFile; fileRef = 8210AE541CBD6E19009B1C1A /* character_3.png */; };
		8210AE751CBD6E19009B1C1A /* character_4.png in Resources */ = {isa = PBXBuildFile; fileRef = 8210AE551CBD6E19009B1C1A /* character_4.png */; };
		8210AE761CBD6E19009B1C1A /* coin_holder.png in Resources */ = {isa = PBXBuildFile; fileRef = 8210AE561CBD6E19009B1C1A /* coin_holder.png */; };
		8210AE771CBD6E19009B1C1A /* edition.png in Resources */ = {isa = PBXBuildFile; fileRef = 8210AE571CBD6E19009B1C1A /* edition.png */; };
		8210AE781CBD6E19009B1C1A /* level_1_locked.png in Resources */ = {isa = PBXBuildFile; fileRef = 8210AE581CBD6E19009B1C1A /* level_1_locked.png */; };
		8210AE791CBD6E19009B1C1A /* level_1.png in Resources */ = {isa = PBXBuildFile; fileRef = 8210AE591CBD6E19009B1C1A /* level_1.png */; };
		8210AE7A1CBD6E19009B1C1A /* level_2_locked.png in Resources */ = {isa = PBXBuildFile; fileRef = 8210AE5A1CBD6E19009B1C1A /* level_2_locked.png */; };
		8210AE7B1CBD6E19009B1C1A /* level_2.png in Resources */ = {isa = PBXBuildFile; fileRef = 8210AE5B1CBD6E19009B1C1A /* level_2.png */; };
		8210AE7C1CBD6E19009B1C1A /* level_3_locked.png in Resources */ = {isa = PBXBuildFile; fileRef = 8210AE5C1CBD6E19009B1C1A /* level_3_locked.png */; };
		8210AE7D1CBD6E19009B1C1A /* level_3.png in Resources */ = {isa = PBXBuildFile; fileRef = 8210AE5D1CBD6E19009B1C1A /* level_3.png */; };
		8210AE7E1CBD6E19009B1C1A /* level_4_locked.png in Resources */ = {isa = PBXBuildFile; fileRef = 8210AE5E1CBD6E19009B1C1A /* level_4_locked.png */; };
		8210AE7F1CBD6E19009B1C1A /* level_4.png in Resources */ = {isa = PBXBuildFile; fileRef = 8210AE5F1CBD6E19009B1C1A /* level_4.png */; };
		8210AE801CBD6E19009B1C1A /* level_5_locked.png in Resources */ = {isa = PBXBuildFile; fileRef = 8210AE601CBD6E19009B1C1A /* level_5_locked.png */; };
		8210AE811CBD6E19009B1C1A /* level_5.png in Resources */ = {isa = PBXBuildFile; fileRef = 8210AE611CBD6E19009B1C1A /* level_5.png */; };
		8210AE821CBD6E19009B1C1A /* level_6.png in Resources */ = {isa = PBXBuildFile; fileRef = 8210AE621CBD6E19009B1C1A /* level_6.png */; };
		8210AE831CBD6E19009B1C1A /* level_7.png in Resources */ = {isa = PBXBuildFile; fileRef = 8210AE631CBD6E19009B1C1A /* level_7.png */; };
		8210AE841CBD6E19009B1C1A /* name.png in Resources */ = {isa = PBXBuildFile; fileRef = 8210AE641CBD6E19009B1C1A /* name.png */; };
		8210AE851CBD6E19009B1C1A /* play.png in Resources */ = {isa = PBXBuildFile; fileRef = 8210AE651CBD6E19009B1C1A /* play.png */; };
		8210AE861CBD6E19009B1C1A /* ribbon.png in Resources */ = {isa = PBXBuildFile; fileRef = 8210AE661CBD6E19009B1C1A /* ribbon.png */; };
		8210AE871CBD6E19009B1C1A /* top_bar.png in Resources */ = {isa = PBXBuildFile; fileRef = 8210AE671CBD6E19009B1C1A /* top_bar.png */; };
		8210AE8B1CBD6E63009B1C1A /* Phosphor CG.otf in Resources */ = {isa = PBXBuildFile; fileRef = 8210AE8A1CBD6E63009B1C1A /* Phosphor CG.otf */; };
		C32BEA361CBCE3120062FA49 /* LevelTableViewCell.swift in Sources */ = {isa = PBXBuildFile; fileRef = C32BEA351CBCE3120062FA49 /* LevelTableViewCell.swift */; };
		C359B7981CBBB651008ACD84 /* LevelViewController.swift in Sources */ = {isa = PBXBuildFile; fileRef = C359B7971CBBB651008ACD84 /* LevelViewController.swift */; };
		C359B79A1CBBB6F5008ACD84 /* HomeViewController.swift in Sources */ = {isa = PBXBuildFile; fileRef = C359B7991CBBB6F5008ACD84 /* HomeViewController.swift */; };
		C366DD041CB25CB800BB6B3B /* AppDelegate.swift in Sources */ = {isa = PBXBuildFile; fileRef = C366DD031CB25CB800BB6B3B /* AppDelegate.swift */; };
		C366DD061CB25CB800BB6B3B /* ViewController.swift in Sources */ = {isa = PBXBuildFile; fileRef = C366DD051CB25CB800BB6B3B /* ViewController.swift */; };
		C366DD091CB25CB800BB6B3B /* Main.storyboard in Resources */ = {isa = PBXBuildFile; fileRef = C366DD071CB25CB800BB6B3B /* Main.storyboard */; };
		C366DD0B1CB25CB800BB6B3B /* Assets.xcassets in Resources */ = {isa = PBXBuildFile; fileRef = C366DD0A1CB25CB800BB6B3B /* Assets.xcassets */; };
		C366DD0E1CB25CB800BB6B3B /* LaunchScreen.storyboard in Resources */ = {isa = PBXBuildFile; fileRef = C366DD0C1CB25CB800BB6B3B /* LaunchScreen.storyboard */; };
		C3F38AED1CBCFFF1007D3A51 /* StageViewController.swift in Sources */ = {isa = PBXBuildFile; fileRef = C3F38AEC1CBCFFF1007D3A51 /* StageViewController.swift */; };
/* End PBXBuildFile section */

/* Begin PBXFileReference section */
		8210AE481CBD6E19009B1C1A /* 4_level_selector.png */ = {isa = PBXFileReference; lastKnownFileType = image.png; name = 4_level_selector.png; path = assets/images/app/4_level_selector.png; sourceTree = "<group>"; };
		8210AE491CBD6E19009B1C1A /* back_button.png */ = {isa = PBXFileReference; lastKnownFileType = image.png; name = back_button.png; path = assets/images/app/back_button.png; sourceTree = "<group>"; };
		8210AE4A1CBD6E19009B1C1A /* background.png */ = {isa = PBXFileReference; lastKnownFileType = image.png; name = background.png; path = assets/images/app/background.png; sourceTree = "<group>"; };
		8210AE4B1CBD6E19009B1C1A /* bg.png */ = {isa = PBXFileReference; lastKnownFileType = image.png; name = bg.png; path = assets/images/app/bg.png; sourceTree = "<group>"; };
		8210AE4C1CBD6E19009B1C1A /* btn_iap.png */ = {isa = PBXFileReference; lastKnownFileType = image.png; name = btn_iap.png; path = assets/images/app/btn_iap.png; sourceTree = "<group>"; };
		8210AE4D1CBD6E19009B1C1A /* btn_like.png */ = {isa = PBXFileReference; lastKnownFileType = image.png; name = btn_like.png; path = assets/images/app/btn_like.png; sourceTree = "<group>"; };
		8210AE4E1CBD6E19009B1C1A /* btn_share_facebook.png */ = {isa = PBXFileReference; lastKnownFileType = image.png; name = btn_share_facebook.png; path = assets/images/app/btn_share_facebook.png; sourceTree = "<group>"; };
		8210AE4F1CBD6E19009B1C1A /* btn-db-restore.png */ = {isa = PBXFileReference; lastKnownFileType = image.png; name = "btn-db-restore.png"; path = "assets/images/app/btn-db-restore.png"; sourceTree = "<group>"; };
		8210AE501CBD6E19009B1C1A /* btn-sound-off.png */ = {isa = PBXFileReference; lastKnownFileType = image.png; name = "btn-sound-off.png"; path = "assets/images/app/btn-sound-off.png"; sourceTree = "<group>"; };
		8210AE511CBD6E19009B1C1A /* btn-sound-on.png */ = {isa = PBXFileReference; lastKnownFileType = image.png; name = "btn-sound-on.png"; path = "assets/images/app/btn-sound-on.png"; sourceTree = "<group>"; };
		8210AE521CBD6E19009B1C1A /* character_1.png */ = {isa = PBXFileReference; lastKnownFileType = image.png; name = character_1.png; path = assets/images/app/character_1.png; sourceTree = "<group>"; };
		8210AE531CBD6E19009B1C1A /* character_2.png */ = {isa = PBXFileReference; lastKnownFileType = image.png; name = character_2.png; path = assets/images/app/character_2.png; sourceTree = "<group>"; };
		8210AE541CBD6E19009B1C1A /* character_3.png */ = {isa = PBXFileReference; lastKnownFileType = image.png; name = character_3.png; path = assets/images/app/character_3.png; sourceTree = "<group>"; };
		8210AE551CBD6E19009B1C1A /* character_4.png */ = {isa = PBXFileReference; lastKnownFileType = image.png; name = character_4.png; path = assets/images/app/character_4.png; sourceTree = "<group>"; };
		8210AE561CBD6E19009B1C1A /* coin_holder.png */ = {isa = PBXFileReference; lastKnownFileType = image.png; name = coin_holder.png; path = assets/images/app/coin_holder.png; sourceTree = "<group>"; };
		8210AE571CBD6E19009B1C1A /* edition.png */ = {isa = PBXFileReference; lastKnownFileType = image.png; name = edition.png; path = assets/images/app/edition.png; sourceTree = "<group>"; };
		8210AE581CBD6E19009B1C1A /* level_1_locked.png */ = {isa = PBXFileReference; lastKnownFileType = image.png; name = level_1_locked.png; path = assets/images/app/level_1_locked.png; sourceTree = "<group>"; };
		8210AE591CBD6E19009B1C1A /* level_1.png */ = {isa = PBXFileReference; lastKnownFileType = image.png; name = level_1.png; path = assets/images/app/level_1.png; sourceTree = "<group>"; };
		8210AE5A1CBD6E19009B1C1A /* level_2_locked.png */ = {isa = PBXFileReference; lastKnownFileType = image.png; name = level_2_locked.png; path = assets/images/app/level_2_locked.png; sourceTree = "<group>"; };
		8210AE5B1CBD6E19009B1C1A /* level_2.png */ = {isa = PBXFileReference; lastKnownFileType = image.png; name = level_2.png; path = assets/images/app/level_2.png; sourceTree = "<group>"; };
		8210AE5C1CBD6E19009B1C1A /* level_3_locked.png */ = {isa = PBXFileReference; lastKnownFileType = image.png; name = level_3_locked.png; path = assets/images/app/level_3_locked.png; sourceTree = "<group>"; };
		8210AE5D1CBD6E19009B1C1A /* level_3.png */ = {isa = PBXFileReference; lastKnownFileType = image.png; name = level_3.png; path = assets/images/app/level_3.png; sourceTree = "<group>"; };
		8210AE5E1CBD6E19009B1C1A /* level_4_locked.png */ = {isa = PBXFileReference; lastKnownFileType = image.png; name = level_4_locked.png; path = assets/images/app/level_4_locked.png; sourceTree = "<group>"; };
		8210AE5F1CBD6E19009B1C1A /* level_4.png */ = {isa = PBXFileReference; lastKnownFileType = image.png; name = level_4.png; path = assets/images/app/level_4.png; sourceTree = "<group>"; };
		8210AE601CBD6E19009B1C1A /* level_5_locked.png */ = {isa = PBXFileReference; lastKnownFileType = image.png; name = level_5_locked.png; path = assets/images/app/level_5_locked.png; sourceTree = "<group>"; };
		8210AE611CBD6E19009B1C1A /* level_5.png */ = {isa = PBXFileReference; lastKnownFileType = image.png; name = level_5.png; path = assets/images/app/level_5.png; sourceTree = "<group>"; };
		8210AE621CBD6E19009B1C1A /* level_6.png */ = {isa = PBXFileReference; lastKnownFileType = image.png; name = level_6.png; path = assets/images/app/level_6.png; sourceTree = "<group>"; };
		8210AE631CBD6E19009B1C1A /* level_7.png */ = {isa = PBXFileReference; lastKnownFileType = image.png; name = level_7.png; path = assets/images/app/level_7.png; sourceTree = "<group>"; };
		8210AE641CBD6E19009B1C1A /* name.png */ = {isa = PBXFileReference; lastKnownFileType = image.png; name = name.png; path = assets/images/app/name.png; sourceTree = "<group>"; };
		8210AE651CBD6E19009B1C1A /* play.png */ = {isa = PBXFileReference; lastKnownFileType = image.png; name = play.png; path = assets/images/app/play.png; sourceTree = "<group>"; };
		8210AE661CBD6E19009B1C1A /* ribbon.png */ = {isa = PBXFileReference; lastKnownFileType = image.png; name = ribbon.png; path = assets/images/app/ribbon.png; sourceTree = "<group>"; };
		8210AE671CBD6E19009B1C1A /* top_bar.png */ = {isa = PBXFileReference; lastKnownFileType = image.png; name = top_bar.png; path = assets/images/app/top_bar.png; sourceTree = "<group>"; };
		8210AE8A1CBD6E63009B1C1A /* Phosphor CG.otf */ = {isa = PBXFileReference; lastKnownFileType = file; name = "Phosphor CG.otf"; path = "assets/fonts/Phosphor CG.otf"; sourceTree = "<group>"; };
		C32BEA351CBCE3120062FA49 /* LevelTableViewCell.swift */ = {isa = PBXFileReference; fileEncoding = 4; lastKnownFileType = sourcecode.swift; path = LevelTableViewCell.swift; sourceTree = "<group>"; };
		C359B7971CBBB651008ACD84 /* LevelViewController.swift */ = {isa = PBXFileReference; fileEncoding = 4; lastKnownFileType = sourcecode.swift; path = LevelViewController.swift; sourceTree = "<group>"; };
		C359B7991CBBB6F5008ACD84 /* HomeViewController.swift */ = {isa = PBXFileReference; fileEncoding = 4; lastKnownFileType = sourcecode.swift; path = HomeViewController.swift; sourceTree = "<group>"; };
		C366DD001CB25CB800BB6B3B /* GuessTheCelebrity.app */ = {isa = PBXFileReference; explicitFileType = wrapper.application; includeInIndex = 0; path = GuessTheCelebrity.app; sourceTree = BUILT_PRODUCTS_DIR; };
		C366DD031CB25CB800BB6B3B /* AppDelegate.swift */ = {isa = PBXFileReference; lastKnownFileType = sourcecode.swift; path = AppDelegate.swift; sourceTree = "<group>"; };
		C366DD051CB25CB800BB6B3B /* ViewController.swift */ = {isa = PBXFileReference; lastKnownFileType = sourcecode.swift; path = ViewController.swift; sourceTree = "<group>"; };
		C366DD081CB25CB800BB6B3B /* Base */ = {isa = PBXFileReference; lastKnownFileType = file.storyboard; name = Base; path = Base.lproj/Main.storyboard; sourceTree = "<group>"; };
		C366DD0A1CB25CB800BB6B3B /* Assets.xcassets */ = {isa = PBXFileReference; lastKnownFileType = folder.assetcatalog; path = Assets.xcassets; sourceTree = "<group>"; };
		C366DD0D1CB25CB800BB6B3B /* Base */ = {isa = PBXFileReference; lastKnownFileType = file.storyboard; name = Base; path = Base.lproj/LaunchScreen.storyboard; sourceTree = "<group>"; };
		C366DD0F1CB25CB800BB6B3B /* Info.plist */ = {isa = PBXFileReference; lastKnownFileType = text.plist.xml; path = Info.plist; sourceTree = "<group>"; };
		C3F38AEC1CBCFFF1007D3A51 /* StageViewController.swift */ = {isa = PBXFileReference; fileEncoding = 4; lastKnownFileType = sourcecode.swift; path = StageViewController.swift; sourceTree = "<group>"; };
/* End PBXFileReference section */

/* Begin PBXFrameworksBuildPhase section */
		C366DCFD1CB25CB800BB6B3B /* Frameworks */ = {
			isa = PBXFrameworksBuildPhase;
			buildActionMask = 2147483647;
			files = (
			);
			runOnlyForDeploymentPostprocessing = 0;
		};
/* End PBXFrameworksBuildPhase section */

/* Begin PBXGroup section */
		8210AE881CBD6E2D009B1C1A /* Images */ = {
			isa = PBXGroup;
			children = (
				8210AE891CBD6E4C009B1C1A /* App */,
			);
			name = Images;
			sourceTree = "<group>";
		};
		8210AE891CBD6E4C009B1C1A /* App */ = {
			isa = PBXGroup;
			children = (
				8210AE481CBD6E19009B1C1A /* 4_level_selector.png */,
				8210AE491CBD6E19009B1C1A /* back_button.png */,
				8210AE4A1CBD6E19009B1C1A /* background.png */,
				8210AE4B1CBD6E19009B1C1A /* bg.png */,
				8210AE4C1CBD6E19009B1C1A /* btn_iap.png */,
				8210AE4D1CBD6E19009B1C1A /* btn_like.png */,
				8210AE4E1CBD6E19009B1C1A /* btn_share_facebook.png */,
				8210AE4F1CBD6E19009B1C1A /* btn-db-restore.png */,
				8210AE501CBD6E19009B1C1A /* btn-sound-off.png */,
				8210AE511CBD6E19009B1C1A /* btn-sound-on.png */,
				8210AE521CBD6E19009B1C1A /* character_1.png */,
				8210AE531CBD6E19009B1C1A /* character_2.png */,
				8210AE541CBD6E19009B1C1A /* character_3.png */,
				8210AE551CBD6E19009B1C1A /* character_4.png */,
				8210AE561CBD6E19009B1C1A /* coin_holder.png */,
				8210AE571CBD6E19009B1C1A /* edition.png */,
				8210AE581CBD6E19009B1C1A /* level_1_locked.png */,
				8210AE591CBD6E19009B1C1A /* level_1.png */,
				8210AE5A1CBD6E19009B1C1A /* level_2_locked.png */,
				8210AE5B1CBD6E19009B1C1A /* level_2.png */,
				8210AE5C1CBD6E19009B1C1A /* level_3_locked.png */,
				8210AE5D1CBD6E19009B1C1A /* level_3.png */,
				8210AE5E1CBD6E19009B1C1A /* level_4_locked.png */,
				8210AE5F1CBD6E19009B1C1A /* level_4.png */,
				8210AE601CBD6E19009B1C1A /* level_5_locked.png */,
				8210AE611CBD6E19009B1C1A /* level_5.png */,
				8210AE621CBD6E19009B1C1A /* level_6.png */,
				8210AE631CBD6E19009B1C1A /* level_7.png */,
				8210AE641CBD6E19009B1C1A /* name.png */,
				8210AE651CBD6E19009B1C1A /* play.png */,
				8210AE661CBD6E19009B1C1A /* ribbon.png */,
				8210AE671CBD6E19009B1C1A /* top_bar.png */,
			);
			name = App;
			sourceTree = "<group>";
		};
		8210AE8C1CBD6E69009B1C1A /* Fonts */ = {
			isa = PBXGroup;
			children = (
				8210AE8A1CBD6E63009B1C1A /* Phosphor CG.otf */,
			);
			name = Fonts;
			sourceTree = "<group>";
		};
		C366DCF71CB25CB800BB6B3B = {
			isa = PBXGroup;
			children = (
				8210AE8C1CBD6E69009B1C1A /* Fonts */,
				8210AE881CBD6E2D009B1C1A /* Images */,
				C366DD021CB25CB800BB6B3B /* GuessTheCelebrity */,
				C366DD011CB25CB800BB6B3B /* Products */,
			);
			sourceTree = "<group>";
		};
		C366DD011CB25CB800BB6B3B /* Products */ = {
			isa = PBXGroup;
			children = (
				C366DD001CB25CB800BB6B3B /* GuessTheCelebrity.app */,
			);
			name = Products;
			sourceTree = "<group>";
		};
		C366DD021CB25CB800BB6B3B /* GuessTheCelebrity */ = {
			isa = PBXGroup;
			children = (
				C366DD031CB25CB800BB6B3B /* AppDelegate.swift */,
				C366DD051CB25CB800BB6B3B /* ViewController.swift */,
				C359B7991CBBB6F5008ACD84 /* HomeViewController.swift */,
				C359B7971CBBB651008ACD84 /* LevelViewController.swift */,
				C32BEA351CBCE3120062FA49 /* LevelTableViewCell.swift */,
				C3F38AEC1CBCFFF1007D3A51 /* StageViewController.swift */,
				C366DD071CB25CB800BB6B3B /* Main.storyboard */,
				C366DD0A1CB25CB800BB6B3B /* Assets.xcassets */,
				C366DD0C1CB25CB800BB6B3B /* LaunchScreen.storyboard */,
				C366DD0F1CB25CB800BB6B3B /* Info.plist */,
			);
			path = GuessTheCelebrity;
			sourceTree = "<group>";
		};
/* End PBXGroup section */

/* Begin PBXNativeTarget section */
		C366DCFF1CB25CB800BB6B3B /* GuessTheCelebrity */ = {
			isa = PBXNativeTarget;
			buildConfigurationList = C366DD121CB25CB800BB6B3B /* Build configuration list for PBXNativeTarget "GuessTheCelebrity" */;
			buildPhases = (
				C366DCFC1CB25CB800BB6B3B /* Sources */,
				C366DCFD1CB25CB800BB6B3B /* Frameworks */,
				C366DCFE1CB25CB800BB6B3B /* Resources */,
			);
			buildRules = (
			);
			dependencies = (
			);
			name = GuessTheCelebrity;
			productName = GuessTheCelebrity;
			productReference = C366DD001CB25CB800BB6B3B /* GuessTheCelebrity.app */;
			productType = "com.apple.product-type.application";
		};
/* End PBXNativeTarget section */

/* Begin PBXProject section */
		C366DCF81CB25CB800BB6B3B /* Project object */ = {
			isa = PBXProject;
			attributes = {
				LastSwiftUpdateCheck = 0720;
				LastUpgradeCheck = 0720;
				ORGANIZATIONNAME = Saad;
				TargetAttributes = {
					C366DCFF1CB25CB800BB6B3B = {
						CreatedOnToolsVersion = 7.2;
					};
				};
			};
			buildConfigurationList = C366DCFB1CB25CB800BB6B3B /* Build configuration list for PBXProject "GuessTheCelebrity" */;
			compatibilityVersion = "Xcode 3.2";
			developmentRegion = English;
			hasScannedForEncodings = 0;
			knownRegions = (
				en,
				Base,
			);
			mainGroup = C366DCF71CB25CB800BB6B3B;
			productRefGroup = C366DD011CB25CB800BB6B3B /* Products */;
			projectDirPath = "";
			projectRoot = "";
			targets = (
				C366DCFF1CB25CB800BB6B3B /* GuessTheCelebrity */,
			);
		};
/* End PBXProject section */

/* Begin PBXResourcesBuildPhase section */
		C366DCFE1CB25CB800BB6B3B /* Resources */ = {
			isa = PBXResourcesBuildPhase;
			buildActionMask = 2147483647;
			files = (
				8210AE7C1CBD6E19009B1C1A /* level_3_locked.png in Resources */,
				8210AE731CBD6E19009B1C1A /* character_2.png in Resources */,
				8210AE811CBD6E19009B1C1A /* level_5.png in Resources */,
				8210AE801CBD6E19009B1C1A /* level_5_locked.png in Resources */,
				8210AE741CBD6E19009B1C1A /* character_3.png in Resources */,
				8210AE711CBD6E19009B1C1A /* btn-sound-on.png in Resources */,
				8210AE771CBD6E19009B1C1A /* edition.png in Resources */,
				C366DD0E1CB25CB800BB6B3B /* LaunchScreen.storyboard in Resources */,
				8210AE871CBD6E19009B1C1A /* top_bar.png in Resources */,
				8210AE761CBD6E19009B1C1A /* coin_holder.png in Resources */,
				8210AE7F1CBD6E19009B1C1A /* level_4.png in Resources */,
				8210AE6A1CBD6E19009B1C1A /* background.png in Resources */,
				8210AE791CBD6E19009B1C1A /* level_1.png in Resources */,
				8210AE6F1CBD6E19009B1C1A /* btn-db-restore.png in Resources */,
				C366DD0B1CB25CB800BB6B3B /* Assets.xcassets in Resources */,
				8210AE6C1CBD6E19009B1C1A /* btn_iap.png in Resources */,
				8210AE6E1CBD6E19009B1C1A /* btn_share_facebook.png in Resources */,
				8210AE721CBD6E19009B1C1A /* character_1.png in Resources */,
				8210AE7A1CBD6E19009B1C1A /* level_2_locked.png in Resources */,
				8210AE701CBD6E19009B1C1A /* btn-sound-off.png in Resources */,
				8210AE821CBD6E19009B1C1A /* level_6.png in Resources */,
				8210AE691CBD6E19009B1C1A /* back_button.png in Resources */,
				8210AE7D1CBD6E19009B1C1A /* level_3.png in Resources */,
				8210AE781CBD6E19009B1C1A /* level_1_locked.png in Resources */,
				8210AE6D1CBD6E19009B1C1A /* btn_like.png in Resources */,
				8210AE6B1CBD6E19009B1C1A /* bg.png in Resources */,
				8210AE7E1CBD6E19009B1C1A /* level_4_locked.png in Resources */,
				8210AE8B1CBD6E63009B1C1A /* Phosphor CG.otf in Resources */,
				8210AE7B1CBD6E19009B1C1A /* level_2.png in Resources */,
				8210AE681CBD6E19009B1C1A /* 4_level_selector.png in Resources */,
				8210AE841CBD6E19009B1C1A /* name.png in Resources */,
				8210AE851CBD6E19009B1C1A /* play.png in Resources */,
				8210AE751CBD6E19009B1C1A /* character_4.png in Resources */,
				8210AE831CBD6E19009B1C1A /* level_7.png in Resources */,
				C366DD091CB25CB800BB6B3B /* Main.storyboard in Resources */,
				8210AE861CBD6E19009B1C1A /* ribbon.png in Resources */,
			);
			runOnlyForDeploymentPostprocessing = 0;
		};
/* End PBXResourcesBuildPhase section */

/* Begin PBXSourcesBuildPhase section */
		C366DCFC1CB25CB800BB6B3B /* Sources */ = {
			isa = PBXSourcesBuildPhase;
			buildActionMask = 2147483647;
			files = (
				C366DD061CB25CB800BB6B3B /* ViewController.swift in Sources */,
				C366DD041CB25CB800BB6B3B /* AppDelegate.swift in Sources */,
				C359B7981CBBB651008ACD84 /* LevelViewController.swift in Sources */,
				C3F38AED1CBCFFF1007D3A51 /* StageViewController.swift in Sources */,
				C359B79A1CBBB6F5008ACD84 /* HomeViewController.swift in Sources */,
				C32BEA361CBCE3120062FA49 /* LevelTableViewCell.swift in Sources */,
			);
			runOnlyForDeploymentPostprocessing = 0;
		};
/* End PBXSourcesBuildPhase section */

/* Begin PBXVariantGroup section */
		C366DD071CB25CB800BB6B3B /* Main.storyboard */ = {
			isa = PBXVariantGroup;
			children = (
				C366DD081CB25CB800BB6B3B /* Base */,
			);
			name = Main.storyboard;
			sourceTree = "<group>";
		};
		C366DD0C1CB25CB800BB6B3B /* LaunchScreen.storyboard */ = {
			isa = PBXVariantGroup;
			children = (
				C366DD0D1CB25CB800BB6B3B /* Base */,
			);
			name = LaunchScreen.storyboard;
			sourceTree = "<group>";
		};
/* End PBXVariantGroup section */

/* Begin XCBuildConfiguration section */
		C366DD101CB25CB800BB6B3B /* Debug */ = {
			isa = XCBuildConfiguration;
			buildSettings = {
				ALWAYS_SEARCH_USER_PATHS = NO;
				CLANG_CXX_LANGUAGE_STANDARD = "gnu++0x";
				CLANG_CXX_LIBRARY = "libc++";
				CLANG_ENABLE_MODULES = YES;
				CLANG_ENABLE_OBJC_ARC = YES;
				CLANG_WARN_BOOL_CONVERSION = YES;
				CLANG_WARN_CONSTANT_CONVERSION = YES;
				CLANG_WARN_DIRECT_OBJC_ISA_USAGE = YES_ERROR;
				CLANG_WARN_EMPTY_BODY = YES;
				CLANG_WARN_ENUM_CONVERSION = YES;
				CLANG_WARN_INT_CONVERSION = YES;
				CLANG_WARN_OBJC_ROOT_CLASS = YES_ERROR;
				CLANG_WARN_UNREACHABLE_CODE = YES;
				CLANG_WARN__DUPLICATE_METHOD_MATCH = YES;
				"CODE_SIGN_IDENTITY[sdk=iphoneos*]" = "iPhone Developer";
				COPY_PHASE_STRIP = NO;
				DEBUG_INFORMATION_FORMAT = dwarf;
				ENABLE_STRICT_OBJC_MSGSEND = YES;
				ENABLE_TESTABILITY = YES;
				GCC_C_LANGUAGE_STANDARD = gnu99;
				GCC_DYNAMIC_NO_PIC = NO;
				GCC_NO_COMMON_BLOCKS = YES;
				GCC_OPTIMIZATION_LEVEL = 0;
				GCC_PREPROCESSOR_DEFINITIONS = (
					"DEBUG=1",
					"$(inherited)",
				);
				GCC_WARN_64_TO_32_BIT_CONVERSION = YES;
				GCC_WARN_ABOUT_RETURN_TYPE = YES_ERROR;
				GCC_WARN_UNDECLARED_SELECTOR = YES;
				GCC_WARN_UNINITIALIZED_AUTOS = YES_AGGRESSIVE;
				GCC_WARN_UNUSED_FUNCTION = YES;
				GCC_WARN_UNUSED_VARIABLE = YES;
				IPHONEOS_DEPLOYMENT_TARGET = 9.2;
				MTL_ENABLE_DEBUG_INFO = YES;
				ONLY_ACTIVE_ARCH = YES;
				SDKROOT = iphoneos;
				SWIFT_OPTIMIZATION_LEVEL = "-Onone";
			};
			name = Debug;
		};
		C366DD111CB25CB800BB6B3B /* Release */ = {
			isa = XCBuildConfiguration;
			buildSettings = {
				ALWAYS_SEARCH_USER_PATHS = NO;
				CLANG_CXX_LANGUAGE_STANDARD = "gnu++0x";
				CLANG_CXX_LIBRARY = "libc++";
				CLANG_ENABLE_MODULES = YES;
				CLANG_ENABLE_OBJC_ARC = YES;
				CLANG_WARN_BOOL_CONVERSION = YES;
				CLANG_WARN_CONSTANT_CONVERSION = YES;
				CLANG_WARN_DIRECT_OBJC_ISA_USAGE = YES_ERROR;
				CLANG_WARN_EMPTY_BODY = YES;
				CLANG_WARN_ENUM_CONVERSION = YES;
				CLANG_WARN_INT_CONVERSION = YES;
				CLANG_WARN_OBJC_ROOT_CLASS = YES_ERROR;
				CLANG_WARN_UNREACHABLE_CODE = YES;
				CLANG_WARN__DUPLICATE_METHOD_MATCH = YES;
				"CODE_SIGN_IDENTITY[sdk=iphoneos*]" = "iPhone Developer";
				COPY_PHASE_STRIP = NO;
				DEBUG_INFORMATION_FORMAT = "dwarf-with-dsym";
				ENABLE_NS_ASSERTIONS = NO;
				ENABLE_STRICT_OBJC_MSGSEND = YES;
				GCC_C_LANGUAGE_STANDARD = gnu99;
				GCC_NO_COMMON_BLOCKS = YES;
				GCC_WARN_64_TO_32_BIT_CONVERSION = YES;
				GCC_WARN_ABOUT_RETURN_TYPE = YES_ERROR;
				GCC_WARN_UNDECLARED_SELECTOR = YES;
				GCC_WARN_UNINITIALIZED_AUTOS = YES_AGGRESSIVE;
				GCC_WARN_UNUSED_FUNCTION = YES;
				GCC_WARN_UNUSED_VARIABLE = YES;
				IPHONEOS_DEPLOYMENT_TARGET = 9.2;
				MTL_ENABLE_DEBUG_INFO = NO;
				SDKROOT = iphoneos;
				VALIDATE_PRODUCT = YES;
			};
			name = Release;
		};
		C366DD131CB25CB800BB6B3B /* Debug */ = {
			isa = XCBuildConfiguration;
			buildSettings = {
				ASSETCATALOG_COMPILER_APPICON_NAME = AppIcon;
				INFOPLIST_FILE = GuessTheCelebrity/Info.plist;
				LD_RUNPATH_SEARCH_PATHS = "$(inherited) @executable_path/Frameworks";
				PRODUCT_BUNDLE_IDENTIFIER = com.saad.GuessTheCelebrity;
				PRODUCT_NAME = "$(TARGET_NAME)";
			};
			name = Debug;
		};
		C366DD141CB25CB800BB6B3B /* Release */ = {
			isa = XCBuildConfiguration;
			buildSettings = {
				ASSETCATALOG_COMPILER_APPICON_NAME = AppIcon;
				INFOPLIST_FILE = GuessTheCelebrity/Info.plist;
				LD_RUNPATH_SEARCH_PATHS = "$(inherited) @executable_path/Frameworks";
				PRODUCT_BUNDLE_IDENTIFIER = com.saad.GuessTheCelebrity;
				PRODUCT_NAME = "$(TARGET_NAME)";
			};
			name = Release;
		};
/* End XCBuildConfiguration section */

/* Begin XCConfigurationList section */
		C366DCFB1CB25CB800BB6B3B /* Build configuration list for PBXProject "GuessTheCelebrity" */ = {
			isa = XCConfigurationList;
			buildConfigurations = (
				C366DD101CB25CB800BB6B3B /* Debug */,
				C366DD111CB25CB800BB6B3B /* Release */,
			);
			defaultConfigurationIsVisible = 0;
			defaultConfigurationName = Release;
		};
		C366DD121CB25CB800BB6B3B /* Build configuration list for PBXNativeTarget "GuessTheCelebrity" */ = {
			isa = XCConfigurationList;
			buildConfigurations = (
				C366DD131CB25CB800BB6B3B /* Debug */,
				C366DD141CB25CB800BB6B3B /* Release */,
			);
			defaultConfigurationIsVisible = 0;
			defaultConfigurationName = Release;
		};
/* End XCConfigurationList section */
	};
	rootObject = C366DCF81CB25CB800BB6B3B /* Project object */;
}
